<Solution>
  <Project Path="CManager.Application/CManager.Application.csproj" />
  <Project Path="CManager.Core/CManager.Core.csproj" />
  <Project Path="CManager.Presentation.ConsoleApp/CManager.Presentation.ConsoleApp.csproj" Id="3ebc50f0-4909-4f63-94d7-d2e5fb19a8ed" />
  <Project Path="CManger.Infrastructure/CManager.Infrastructure.csproj" />
</Solution>
